{
  "version": 4,
  "terraform_version": "1.13.4",
  "serial": 54,
  "lineage": "1af3fd1b-180f-df40-98ec-07b03d09c915",
  "outputs": {
    "ec2_public_ip": {
      "value": "18.141.223.88",
      "type": "string"
    },
    "ecs_cluster_id": {
      "value": "arn:aws:ecs:ap-southeast-1:466850084873:cluster/ecs-cluster",
      "type": "string"
    },
    "hello_world_service_id": {
      "value": "arn:aws:ecs:ap-southeast-1:466850084873:service/ecs-cluster/hello-world-service",
      "type": "string"
    },
    "rds_endpoint": {
      "value": {
        "endpoint": "hogwarts-postgres.cbeewesc830k.ap-southeast-1.rds.amazonaws.com",
        "port": 5432
      },
      "type": [
        "object",
        {
          "endpoint": "string",
          "port": "number"
        }
      ],
      "sensitive": true
    }
  },
  "resources": [
    {
      "module": "module.ec2",
      "mode": "data",
      "type": "aws_ssm_parameter",
      "name": "ecs_al2023_image_id",
      "provider": "provider[\"registry.terraform.io/hashicorp/aws\"]",
      "instances": [
        {
          "schema_version": 0,
          "attributes": {
            "arn": "arn:aws:ssm:ap-southeast-1::parameter/aws/service/ecs/optimized-ami/amazon-linux-2023/recommended/image_id",
            "id": "/aws/service/ecs/optimized-ami/amazon-linux-2023/recommended/image_id",
            "insecure_value": "ami-0ee7f8b6fb685d634",
            "name": "/aws/service/ecs/optimized-ami/amazon-linux-2023/recommended/image_id",
            "type": "String",
            "value": "ami-0ee7f8b6fb685d634",
            "version": 101,
            "with_decryption": true
          },
          "sensitive_attributes": [
            [
              {
                "type": "get_attr",
                "value": "value"
              }
            ]
          ],
          "identity_schema_version": 0
        }
      ]
    },
    {
      "module": "module.ec2",
      "mode": "managed",
      "type": "aws_ecs_cluster",
      "name": "my_cluster",
      "provider": "provider[\"registry.terraform.io/hashicorp/aws\"]",
      "instances": [
        {
          "schema_version": 0,
          "attributes": {
            "arn": "arn:aws:ecs:ap-southeast-1:466850084873:cluster/ecs-cluster",
            "configuration": [],
            "id": "arn:aws:ecs:ap-southeast-1:466850084873:cluster/ecs-cluster",
            "name": "ecs-cluster",
            "service_connect_defaults": [],
            "setting": [
              {
                "name": "containerInsights",
                "value": "disabled"
              }
            ],
            "tags": {},
            "tags_all": {}
          },
          "sensitive_attributes": [],
          "identity_schema_version": 0,
          "private": "bnVsbA=="
        }
      ]
    },
    {
      "module": "module.ec2",
      "mode": "managed",
      "type": "aws_iam_instance_profile",
      "name": "ecs_agent_profile",
      "provider": "provider[\"registry.terraform.io/hashicorp/aws\"]",
      "instances": [
        {
          "schema_version": 0,
          "attributes": {
            "arn": "arn:aws:iam::466850084873:instance-profile/ecs-agent-profile",
            "create_date": "2025-10-23T04:38:40Z",
            "id": "ecs-agent-profile",
            "name": "ecs-agent-profile",
            "name_prefix": "",
            "path": "/",
            "role": "ecs-agent-role",
            "tags": {},
            "tags_all": {},
            "unique_id": "AIPAWZMTO7AER2WQTWX2V"
          },
          "sensitive_attributes": [],
          "identity_schema_version": 0,
          "private": "bnVsbA==",
          "dependencies": [
            "module.ec2.aws_iam_role.ecs_agent_role"
          ]
        }
      ]
    },
    {
      "module": "module.ec2",
      "mode": "managed",
      "type": "aws_iam_role",
      "name": "ecs_agent_role",
      "provider": "provider[\"registry.terraform.io/hashicorp/aws\"]",
      "instances": [
        {
          "schema_version": 0,
          "attributes": {
            "arn": "arn:aws:iam::466850084873:role/ecs-agent-role",
            "assume_role_policy": "{\"Statement\":[{\"Action\":\"sts:AssumeRole\",\"Effect\":\"Allow\",\"Principal\":{\"Service\":\"ec2.amazonaws.com\"},\"Sid\":\"\"}],\"Version\":\"2012-10-17\"}",
            "create_date": "2025-10-23T04:38:38Z",
            "description": "",
            "force_detach_policies": false,
            "id": "ecs-agent-role",
            "inline_policy": [],
            "managed_policy_arns": [
              "arn:aws:iam::aws:policy/service-role/AmazonEC2ContainerServiceforEC2Role"
            ],
            "max_session_duration": 3600,
            "name": "ecs-agent-role",
            "name_prefix": "",
            "path": "/",
            "permissions_boundary": "",
            "tags": {},
            "tags_all": {},
            "unique_id": "AROAWZMTO7AE5NOGEKIOP"
          },
          "sensitive_attributes": [],
          "identity_schema_version": 0,
          "private": "bnVsbA=="
        }
      ]
    },
    {
      "module": "module.ec2",
      "mode": "managed",
      "type": "aws_iam_role_policy_attachment",
      "name": "ecs_agent_policy",
      "provider": "provider[\"registry.terraform.io/hashicorp/aws\"]",
      "instances": [
        {
          "schema_version": 0,
          "attributes": {
            "id": "ecs-agent-role-20251023043840337900000001",
            "policy_arn": "arn:aws:iam::aws:policy/service-role/AmazonEC2ContainerServiceforEC2Role",
            "role": "ecs-agent-role"
          },
          "sensitive_attributes": [],
          "identity_schema_version": 0,
          "private": "bnVsbA==",
          "dependencies": [
            "module.ec2.aws_iam_role.ecs_agent_role"
          ]
        }
      ]
    },
    {
      "module": "module.ec2",
      "mode": "managed",
      "type": "aws_key_pair",
      "name": "ssh_key",
      "provider": "provider[\"registry.terraform.io/hashicorp/aws\"]",
      "instances": [
        {
          "schema_version": 1,
          "attributes": {
            "arn": "arn:aws:ec2:ap-southeast-1:466850084873:key-pair/hogwarts-ec2-key",
            "fingerprint": "d6:82:ec:00:d4:e9:33:e5:4d:2f:09:02:77:21:e7:1a",
            "id": "hogwarts-ec2-key",
            "key_name": "hogwarts-ec2-key",
            "key_name_prefix": "",
            "key_pair_id": "key-05c49cad2ec959d3d",
            "key_type": "rsa",
            "public_key": "ssh-rsa AAAAB3NzaC1yc2EAAAADAQABAAACAQDnQJFW5r8Sz1YdOSSMxpg4wHeMd5s37/yTpdw4XBxsGJHiL1wXa9fgb0aihdntNx/vknNt4KLvU0NZOzgPCp3tE3YwuPoPO7iUYBlZzWZxzObKL0OSgYoeyHgd6ApK16YH89IA7u4XLo+Vm9muWfvpvNXVCiWXYUwvF3Ud7YmmzHA/UQ15z00u8HwBxmjbna0Bcu7V6UYG/IiBDXMf72SXkp3omq92E/KDL+ESOdnPMxYo+S+SNSgfN49/yHOUE9T5eg5F6RWxyS3ScVxTEZB+43jVZKZv0MP7oc6UI2EhDUb+9nVl0rQO2q5mDoQyE9EHpc5n4FhCrTRtLlwoRRJN6mwcOY7B/63yZT/7uYm1T6pcwUyBHnnLCcoD598MLHKnV3EGTbfs6tduMJJdye96X/zYoXc3JIoJe0V9tXijtk01fYpiKfuC9VX987eUO7wXXdv+pxov2ZB/x9/VsGPCzeMO6fFLl0JtyDfWKLFK7LxLCoRbMednVwYmVa649UJtGs8ymGZGiGbEBU99MlXzB9FLSlkcq/E7oBWn63d/QAqpjQpG9lq/xcTts/LQsE/1pf7YPsxhb2XjuCoQ1VftFHa9xAs9PounVzXOilUJpD4c3U2ahleDYGK6e7fXjHHgRSo+Si6f9RKEsRa0M5V2R+j1BFSQqvSR+rsa9L1aFw== namvuong1402@conguyetduong",
            "tags": {},
            "tags_all": {}
          },
          "sensitive_attributes": [],
          "identity_schema_version": 0,
          "private": "eyJzY2hlbWFfdmVyc2lvbiI6IjEifQ=="
        }
      ]
    },
    {
      "module": "module.ec2",
      "mode": "managed",
      "type": "aws_security_group",
      "name": "ssh_sg",
      "provider": "provider[\"registry.terraform.io/hashicorp/aws\"]",
      "instances": [
        {
          "schema_version": 1,
          "attributes": {
            "arn": "arn:aws:ec2:ap-southeast-1:466850084873:security-group/sg-09635a8bcbafaf151",
            "description": "Allow SSH inbound traffic",
            "egress": [
              {
                "cidr_blocks": [
                  "0.0.0.0/0"
                ],
                "description": "",
                "from_port": 0,
                "ipv6_cidr_blocks": [],
                "prefix_list_ids": [],
                "protocol": "-1",
                "security_groups": [],
                "self": false,
                "to_port": 0
              }
            ],
            "id": "sg-09635a8bcbafaf151",
            "ingress": [
              {
                "cidr_blocks": [
                  "0.0.0.0/0"
                ],
                "description": "",
                "from_port": 22,
                "ipv6_cidr_blocks": [],
                "prefix_list_ids": [],
                "protocol": "tcp",
                "security_groups": [],
                "self": false,
                "to_port": 22
              }
            ],
            "name": "ssh-sg",
            "name_prefix": "",
            "owner_id": "466850084873",
            "revoke_rules_on_delete": false,
            "tags": {},
            "tags_all": {},
            "timeouts": null,
            "vpc_id": "vpc-00fe079e842c01175"
          },
          "sensitive_attributes": [],
          "identity_schema_version": 0,
          "private": "eyJlMmJmYjczMC1lY2FhLTExZTYtOGY4OC0zNDM2M2JjN2M0YzAiOnsiY3JlYXRlIjo2MDAwMDAwMDAwMDAsImRlbGV0ZSI6OTAwMDAwMDAwMDAwfSwic2NoZW1hX3ZlcnNpb24iOiIxIn0="
        }
      ]
    },
    {
      "module": "module.ecs",
      "mode": "managed",
      "type": "aws_ecs_service",
      "name": "hello_world_service",
      "provider": "provider[\"registry.terraform.io/hashicorp/aws\"]",
      "instances": [
        {
          "schema_version": 1,
          "attributes": {
            "alarms": [],
            "availability_zone_rebalancing": "DISABLED",
            "capacity_provider_strategy": [],
            "cluster": "arn:aws:ecs:ap-southeast-1:466850084873:cluster/ecs-cluster",
            "deployment_circuit_breaker": [
              {
                "enable": false,
                "rollback": false
              }
            ],
            "deployment_controller": [
              {
                "type": "ECS"
              }
            ],
            "deployment_maximum_percent": 200,
            "deployment_minimum_healthy_percent": 100,
            "desired_count": 1,
            "enable_ecs_managed_tags": false,
            "enable_execute_command": false,
            "force_delete": null,
            "force_new_deployment": null,
            "health_check_grace_period_seconds": 0,
            "iam_role": null,
            "id": "arn:aws:ecs:ap-southeast-1:466850084873:service/ecs-cluster/hello-world-service",
            "launch_type": "EC2",
            "load_balancer": [],
            "name": "hello-world-service",
            "network_configuration": [],
            "ordered_placement_strategy": [],
            "placement_constraints": [],
            "platform_version": "",
            "propagate_tags": "NONE",
            "scheduling_strategy": "REPLICA",
            "service_connect_configuration": [],
            "service_registries": [],
            "tags": {},
            "tags_all": {},
            "task_definition": "arn:aws:ecs:ap-southeast-1:466850084873:task-definition/hello-world-task:1",
            "timeouts": null,
            "triggers": {},
            "volume_configuration": [],
            "vpc_lattice_configurations": [],
            "wait_for_steady_state": false
          },
          "sensitive_attributes": [],
          "identity_schema_version": 0,
          "private": "eyJlMmJmYjczMC1lY2FhLTExZTYtOGY4OC0zNDM2M2JjN2M0YzAiOnsiY3JlYXRlIjoxMjAwMDAwMDAwMDAwLCJkZWxldGUiOjEyMDAwMDAwMDAwMDAsInVwZGF0ZSI6MTIwMDAwMDAwMDAwMH0sInNjaGVtYV92ZXJzaW9uIjoiMSJ9",
          "dependencies": [
            "module.ecs.aws_ecs_task_definition.hello_world_task",
            "module.ecs.module.ec2.aws_ecs_cluster.my_cluster"
          ]
        }
      ]
    },
    {
      "module": "module.ecs",
      "mode": "managed",
      "type": "aws_ecs_task_definition",
      "name": "hello_world_task",
      "provider": "provider[\"registry.terraform.io/hashicorp/aws\"]",
      "instances": [
        {
          "schema_version": 1,
          "attributes": {
            "arn": "arn:aws:ecs:ap-southeast-1:466850084873:task-definition/hello-world-task:1",
            "arn_without_revision": "arn:aws:ecs:ap-southeast-1:466850084873:task-definition/hello-world-task",
            "container_definitions": "[{\"cpu\":256,\"environment\":[],\"essential\":true,\"image\":\"crccheck/hello-world\",\"memory\":512,\"mountPoints\":[],\"name\":\"hello-world\",\"portMappings\":[{\"containerPort\":8000,\"hostPort\":80,\"protocol\":\"tcp\"}],\"systemControls\":[],\"volumesFrom\":[]}]",
            "cpu": "",
            "enable_fault_injection": false,
            "ephemeral_storage": [],
            "execution_role_arn": "",
            "family": "hello-world-task",
            "id": "hello-world-task",
            "inference_accelerator": [],
            "ipc_mode": "",
            "memory": "",
            "network_mode": "bridge",
            "pid_mode": "",
            "placement_constraints": [],
            "proxy_configuration": [],
            "requires_compatibilities": [
              "EC2"
            ],
            "revision": 1,
            "runtime_platform": [],
            "skip_destroy": false,
            "tags": {},
            "tags_all": {},
            "task_role_arn": "",
            "track_latest": false,
            "volume": []
          },
          "sensitive_attributes": [],
          "identity_schema_version": 0,
          "private": "eyJzY2hlbWFfdmVyc2lvbiI6IjEifQ=="
        }
      ]
    },
    {
      "module": "module.ecs.module.ec2",
      "mode": "data",
      "type": "aws_ssm_parameter",
      "name": "ecs_al2023_image_id",
      "provider": "provider[\"registry.terraform.io/hashicorp/aws\"]",
      "instances": [
        {
          "schema_version": 0,
          "attributes": {
            "arn": "arn:aws:ssm:ap-southeast-1::parameter/aws/service/ecs/optimized-ami/amazon-linux-2023/recommended/image_id",
            "id": "/aws/service/ecs/optimized-ami/amazon-linux-2023/recommended/image_id",
            "insecure_value": "ami-0ee7f8b6fb685d634",
            "name": "/aws/service/ecs/optimized-ami/amazon-linux-2023/recommended/image_id",
            "type": "String",
            "value": "ami-0ee7f8b6fb685d634",
            "version": 101,
            "with_decryption": true
          },
          "sensitive_attributes": [
            [
              {
                "type": "get_attr",
                "value": "value"
              }
            ]
          ],
          "identity_schema_version": 0
        }
      ]
    },
    {
      "module": "module.ecs.module.ec2",
      "mode": "managed",
      "type": "aws_ecs_cluster",
      "name": "my_cluster",
      "provider": "provider[\"registry.terraform.io/hashicorp/aws\"]",
      "instances": [
        {
          "schema_version": 0,
          "attributes": {
            "arn": "arn:aws:ecs:ap-southeast-1:466850084873:cluster/ecs-cluster",
            "configuration": [],
            "id": "arn:aws:ecs:ap-southeast-1:466850084873:cluster/ecs-cluster",
            "name": "ecs-cluster",
            "service_connect_defaults": [],
            "setting": [
              {
                "name": "containerInsights",
                "value": "disabled"
              }
            ],
            "tags": {},
            "tags_all": {}
          },
          "sensitive_attributes": [],
          "identity_schema_version": 0,
          "private": "bnVsbA=="
        }
      ]
    },
    {
      "module": "module.ecs.module.ec2",
      "mode": "managed",
      "type": "aws_iam_instance_profile",
      "name": "ecs_agent_profile",
      "provider": "provider[\"registry.terraform.io/hashicorp/aws\"]",
      "instances": [
        {
          "schema_version": 0,
          "attributes": {
            "arn": "arn:aws:iam::466850084873:instance-profile/ecs-agent-profile",
            "create_date": "2025-10-23T04:38:40Z",
            "id": "ecs-agent-profile",
            "name": "ecs-agent-profile",
            "name_prefix": "",
            "path": "/",
            "role": "ecs-agent-role",
            "tags": {},
            "tags_all": {},
            "unique_id": "AIPAWZMTO7AER2WQTWX2V"
          },
          "sensitive_attributes": [],
          "identity_schema_version": 0,
          "private": "eyJzY2hlbWFfdmVyc2lvbiI6IjAifQ==",
          "dependencies": [
            "module.ecs.module.ec2.aws_iam_role.ecs_agent_role"
          ]
        }
      ]
    },
    {
      "module": "module.ecs.module.ec2",
      "mode": "managed",
      "type": "aws_iam_role",
      "name": "ecs_agent_role",
      "provider": "provider[\"registry.terraform.io/hashicorp/aws\"]",
      "instances": [
        {
          "schema_version": 0,
          "attributes": {
            "arn": "arn:aws:iam::466850084873:role/ecs-agent-role",
            "assume_role_policy": "{\"Statement\":[{\"Action\":\"sts:AssumeRole\",\"Effect\":\"Allow\",\"Principal\":{\"Service\":\"ec2.amazonaws.com\"},\"Sid\":\"\"}],\"Version\":\"2012-10-17\"}",
            "create_date": "2025-10-23T04:38:38Z",
            "description": "",
            "force_detach_policies": false,
            "id": "ecs-agent-role",
            "inline_policy": [],
            "managed_policy_arns": [
              "arn:aws:iam::aws:policy/service-role/AmazonEC2ContainerServiceforEC2Role"
            ],
            "max_session_duration": 3600,
            "name": "ecs-agent-role",
            "name_prefix": "",
            "path": "/",
            "permissions_boundary": "",
            "tags": {},
            "tags_all": {},
            "unique_id": "AROAWZMTO7AE5NOGEKIOP"
          },
          "sensitive_attributes": [],
          "identity_schema_version": 0,
          "private": "eyJzY2hlbWFfdmVyc2lvbiI6IjAifQ=="
        }
      ]
    },
    {
      "module": "module.ecs.module.ec2",
      "mode": "managed",
      "type": "aws_iam_role_policy_attachment",
      "name": "ecs_agent_policy",
      "provider": "provider[\"registry.terraform.io/hashicorp/aws\"]",
      "instances": [
        {
          "schema_version": 0,
          "attributes": {
            "id": "ecs-agent-role-arn:aws:iam::aws:policy/service-role/AmazonEC2ContainerServiceforEC2Role",
            "policy_arn": "arn:aws:iam::aws:policy/service-role/AmazonEC2ContainerServiceforEC2Role",
            "role": "ecs-agent-role"
          },
          "sensitive_attributes": [],
          "identity_schema_version": 0,
          "private": "eyJzY2hlbWFfdmVyc2lvbiI6IjAifQ==",
          "dependencies": [
            "module.ecs.module.ec2.aws_iam_role.ecs_agent_role"
          ]
        }
      ]
    },
    {
      "module": "module.ecs.module.ec2",
      "mode": "managed",
      "type": "aws_instance",
      "name": "docker_ec2",
      "provider": "provider[\"registry.terraform.io/hashicorp/aws\"]",
      "instances": [
        {
          "schema_version": 1,
          "attributes": {
            "ami": "ami-0ee7f8b6fb685d634",
            "arn": "arn:aws:ec2:ap-southeast-1:466850084873:instance/i-07b0edd918d8a68b3",
            "associate_public_ip_address": true,
            "availability_zone": "ap-southeast-1b",
            "capacity_reservation_specification": [
              {
                "capacity_reservation_preference": "open",
                "capacity_reservation_target": []
              }
            ],
            "cpu_core_count": 1,
            "cpu_options": [
              {
                "amd_sev_snp": "",
                "core_count": 1,
                "threads_per_core": 1
              }
            ],
            "cpu_threads_per_core": 1,
            "credit_specification": [
              {
                "cpu_credits": "standard"
              }
            ],
            "disable_api_stop": false,
            "disable_api_termination": false,
            "ebs_block_device": [],
            "ebs_optimized": false,
            "enable_primary_ipv6": null,
            "enclave_options": [
              {
                "enabled": false
              }
            ],
            "ephemeral_block_device": [],
            "get_password_data": false,
            "hibernation": false,
            "host_id": "",
            "host_resource_group_arn": null,
            "iam_instance_profile": "ecs-agent-profile",
            "id": "i-07b0edd918d8a68b3",
            "instance_initiated_shutdown_behavior": "stop",
            "instance_lifecycle": "",
            "instance_market_options": [],
            "instance_state": "running",
            "instance_type": "t2.micro",
            "ipv6_address_count": 0,
            "ipv6_addresses": [],
            "key_name": "hogwarts-ec2-key",
            "launch_template": [],
            "maintenance_options": [
              {
                "auto_recovery": "default"
              }
            ],
            "metadata_options": [
              {
                "http_endpoint": "enabled",
                "http_protocol_ipv6": "disabled",
                "http_put_response_hop_limit": 2,
                "http_tokens": "required",
                "instance_metadata_tags": "disabled"
              }
            ],
            "monitoring": false,
            "network_interface": [],
            "outpost_arn": "",
            "password_data": "",
            "placement_group": "",
            "placement_partition_number": 0,
            "primary_network_interface_id": "eni-027305cbb6d0307cc",
            "private_dns": "ip-172-31-17-196.ap-southeast-1.compute.internal",
            "private_dns_name_options": [
              {
                "enable_resource_name_dns_a_record": false,
                "enable_resource_name_dns_aaaa_record": false,
                "hostname_type": "ip-name"
              }
            ],
            "private_ip": "172.31.17.196",
            "public_dns": "ec2-18-138-254-25.ap-southeast-1.compute.amazonaws.com",
            "public_ip": "18.138.254.25",
            "root_block_device": [
              {
                "delete_on_termination": true,
                "device_name": "/dev/xvda",
                "encrypted": false,
                "iops": 3000,
                "kms_key_id": "",
                "tags": {},
                "tags_all": {},
                "throughput": 125,
                "volume_id": "vol-085d47f16c512ff97",
                "volume_size": 30,
                "volume_type": "gp3"
              }
            ],
            "secondary_private_ips": [],
            "security_groups": [
              "ssh-sg"
            ],
            "source_dest_check": true,
            "spot_instance_request_id": "",
            "subnet_id": "subnet-04306e5ec81d26cb9",
            "tags": {
              "Name": "DockerEC2"
            },
            "tags_all": {
              "Name": "DockerEC2"
            },
            "tenancy": "default",
            "timeouts": null,
            "user_data": "40a5e8da1e485f24fa888df7fc805718134b716c",
            "user_data_base64": null,
            "user_data_replace_on_change": false,
            "volume_tags": null,
            "vpc_security_group_ids": [
              "sg-09635a8bcbafaf151"
            ]
          },
          "sensitive_attributes": [
            [
              {
                "type": "get_attr",
                "value": "ami"
              }
            ]
          ],
          "identity_schema_version": 0,
          "private": "eyJlMmJmYjczMC1lY2FhLTExZTYtOGY4OC0zNDM2M2JjN2M0YzAiOnsiY3JlYXRlIjo2MDAwMDAwMDAwMDAsImRlbGV0ZSI6MTIwMDAwMDAwMDAwMCwicmVhZCI6OTAwMDAwMDAwMDAwLCJ1cGRhdGUiOjYwMDAwMDAwMDAwMH0sInNjaGVtYV92ZXJzaW9uIjoiMSJ9",
          "dependencies": [
            "module.ecs.module.ec2.aws_ecs_cluster.my_cluster",
            "module.ecs.module.ec2.aws_iam_instance_profile.ecs_agent_profile",
            "module.ecs.module.ec2.aws_iam_role.ecs_agent_role",
            "module.ecs.module.ec2.aws_key_pair.ssh_key",
            "module.ecs.module.ec2.aws_security_group.ssh_sg",
            "module.ecs.module.ec2.data.aws_ssm_parameter.ecs_al2023_image_id"
          ]
        }
      ]
    },
    {
      "module": "module.ecs.module.ec2",
      "mode": "managed",
      "type": "aws_key_pair",
      "name": "ssh_key",
      "provider": "provider[\"registry.terraform.io/hashicorp/aws\"]",
      "instances": [
        {
          "schema_version": 1,
          "attributes": {
            "arn": "arn:aws:ec2:ap-southeast-1:466850084873:key-pair/hogwarts-ec2-key",
            "fingerprint": "d6:82:ec:00:d4:e9:33:e5:4d:2f:09:02:77:21:e7:1a",
            "id": "hogwarts-ec2-key",
            "key_name": "hogwarts-ec2-key",
            "key_name_prefix": "",
            "key_pair_id": "key-05c49cad2ec959d3d",
            "key_type": "rsa",
            "public_key": "ssh-rsa AAAAB3NzaC1yc2EAAAADAQABAAACAQDnQJFW5r8Sz1YdOSSMxpg4wHeMd5s37/yTpdw4XBxsGJHiL1wXa9fgb0aihdntNx/vknNt4KLvU0NZOzgPCp3tE3YwuPoPO7iUYBlZzWZxzObKL0OSgYoeyHgd6ApK16YH89IA7u4XLo+Vm9muWfvpvNXVCiWXYUwvF3Ud7YmmzHA/UQ15z00u8HwBxmjbna0Bcu7V6UYG/IiBDXMf72SXkp3omq92E/KDL+ESOdnPMxYo+S+SNSgfN49/yHOUE9T5eg5F6RWxyS3ScVxTEZB+43jVZKZv0MP7oc6UI2EhDUb+9nVl0rQO2q5mDoQyE9EHpc5n4FhCrTRtLlwoRRJN6mwcOY7B/63yZT/7uYm1T6pcwUyBHnnLCcoD598MLHKnV3EGTbfs6tduMJJdye96X/zYoXc3JIoJe0V9tXijtk01fYpiKfuC9VX987eUO7wXXdv+pxov2ZB/x9/VsGPCzeMO6fFLl0JtyDfWKLFK7LxLCoRbMednVwYmVa649UJtGs8ymGZGiGbEBU99MlXzB9FLSlkcq/E7oBWn63d/QAqpjQpG9lq/xcTts/LQsE/1pf7YPsxhb2XjuCoQ1VftFHa9xAs9PounVzXOilUJpD4c3U2ahleDYGK6e7fXjHHgRSo+Si6f9RKEsRa0M5V2R+j1BFSQqvSR+rsa9L1aFw== namvuong1402@conguyetduong",
            "tags": null,
            "tags_all": {}
          },
          "sensitive_attributes": [],
          "identity_schema_version": 0,
          "private": "eyJzY2hlbWFfdmVyc2lvbiI6IjEifQ=="
        }
      ]
    },
    {
      "module": "module.ecs.module.ec2",
      "mode": "managed",
      "type": "aws_security_group",
      "name": "ssh_sg",
      "provider": "provider[\"registry.terraform.io/hashicorp/aws\"]",
      "instances": [
        {
          "schema_version": 1,
          "attributes": {
            "arn": "arn:aws:ec2:ap-southeast-1:466850084873:security-group/sg-09635a8bcbafaf151",
            "description": "Allow SSH inbound traffic",
            "egress": [
              {
                "cidr_blocks": [
                  "0.0.0.0/0"
                ],
                "description": "",
                "from_port": 0,
                "ipv6_cidr_blocks": [],
                "prefix_list_ids": [],
                "protocol": "-1",
                "security_groups": [],
                "self": false,
                "to_port": 0
              }
            ],
            "id": "sg-09635a8bcbafaf151",
            "ingress": [
              {
                "cidr_blocks": [
                  "0.0.0.0/0"
                ],
                "description": "",
                "from_port": 22,
                "ipv6_cidr_blocks": [],
                "prefix_list_ids": [],
                "protocol": "tcp",
                "security_groups": [],
                "self": false,
                "to_port": 22
              }
            ],
            "name": "ssh-sg",
            "name_prefix": "",
            "owner_id": "466850084873",
            "revoke_rules_on_delete": null,
            "tags": {},
            "tags_all": {},
            "timeouts": null,
            "vpc_id": "vpc-00fe079e842c01175"
          },
          "sensitive_attributes": [],
          "identity_schema_version": 0,
          "private": "eyJlMmJmYjczMC1lY2FhLTExZTYtOGY4OC0zNDM2M2JjN2M0YzAiOnsiY3JlYXRlIjo2MDAwMDAwMDAwMDAsImRlbGV0ZSI6OTAwMDAwMDAwMDAwfSwic2NoZW1hX3ZlcnNpb24iOiIxIn0="
        }
      ]
    },
    {
      "module": "module.rds",
      "mode": "data",
      "type": "aws_subnets",
      "name": "default",
      "provider": "provider[\"registry.terraform.io/hashicorp/aws\"]",
      "instances": [
        {
          "schema_version": 0,
          "attributes": {
            "filter": [
              {
                "name": "vpc-id",
                "values": [
                  "vpc-00fe079e842c01175"
                ]
              }
            ],
            "id": "ap-southeast-1",
            "ids": [
              "subnet-04306e5ec81d26cb9",
              "subnet-04e7e7a400a797127",
              "subnet-0a18d409b26a05771"
            ],
            "tags": null,
            "timeouts": null
          },
          "sensitive_attributes": [],
          "identity_schema_version": 0
        }
      ]
    },
    {
      "module": "module.rds",
      "mode": "data",
      "type": "aws_vpc",
      "name": "default",
      "provider": "provider[\"registry.terraform.io/hashicorp/aws\"]",
      "instances": [
        {
          "schema_version": 0,
          "attributes": {
            "arn": "arn:aws:ec2:ap-southeast-1:466850084873:vpc/vpc-00fe079e842c01175",
            "cidr_block": "172.31.0.0/16",
            "cidr_block_associations": [
              {
                "association_id": "vpc-cidr-assoc-09ef901b9bca07f99",
                "cidr_block": "172.31.0.0/16",
                "state": "associated"
              }
            ],
            "default": true,
            "dhcp_options_id": "dopt-064834f29dc4d65a6",
            "enable_dns_hostnames": true,
            "enable_dns_support": true,
            "enable_network_address_usage_metrics": false,
            "filter": null,
            "id": "vpc-00fe079e842c01175",
            "instance_tenancy": "default",
            "ipv6_association_id": "",
            "ipv6_cidr_block": "",
            "main_route_table_id": "rtb-0e4d75e37f5aca832",
            "owner_id": "466850084873",
            "state": null,
            "tags": {},
            "timeouts": null
          },
          "sensitive_attributes": [],
          "identity_schema_version": 0
        }
      ]
    },
    {
      "module": "module.rds",
      "mode": "managed",
      "type": "aws_db_instance",
      "name": "postgres",
      "provider": "provider[\"registry.terraform.io/hashicorp/aws\"]",
      "instances": [
        {
          "schema_version": 2,
          "attributes": {
            "address": "hogwarts-postgres.cbeewesc830k.ap-southeast-1.rds.amazonaws.com",
            "allocated_storage": 10,
            "allow_major_version_upgrade": null,
            "apply_immediately": true,
            "arn": "arn:aws:rds:ap-southeast-1:466850084873:db:hogwarts-postgres",
            "auto_minor_version_upgrade": true,
            "availability_zone": "ap-southeast-1c",
            "backup_retention_period": 0,
            "backup_target": "region",
            "backup_window": "14:42-15:12",
            "blue_green_update": [],
            "ca_cert_identifier": "rds-ca-rsa2048-g1",
            "character_set_name": "",
            "copy_tags_to_snapshot": false,
            "custom_iam_instance_profile": "",
            "customer_owned_ip_enabled": false,
            "database_insights_mode": "standard",
            "db_name": "appdb",
            "db_subnet_group_name": "postgres-default-subnets",
            "dedicated_log_volume": false,
            "delete_automated_backups": true,
            "deletion_protection": false,
            "domain": "",
            "domain_auth_secret_arn": "",
            "domain_dns_ips": [],
            "domain_fqdn": "",
            "domain_iam_role_name": "",
            "domain_ou": "",
            "enabled_cloudwatch_logs_exports": [],
            "endpoint": "hogwarts-postgres.cbeewesc830k.ap-southeast-1.rds.amazonaws.com:5432",
            "engine": "postgres",
            "engine_lifecycle_support": "open-source-rds-extended-support",
            "engine_version": "17.4",
            "engine_version_actual": "17.4",
            "final_snapshot_identifier": null,
            "hosted_zone_id": "Z2G0U3KFCY8NZ5",
            "iam_database_authentication_enabled": false,
            "id": "db-UZEVJRYC7UDNHR5BE555MFHQKQ",
            "identifier": "hogwarts-postgres",
            "identifier_prefix": "",
            "instance_class": "db.t3.micro",
            "iops": 0,
            "kms_key_id": "",
            "latest_restorable_time": "",
            "license_model": "postgresql-license",
            "listener_endpoint": [],
            "maintenance_window": "thu:19:12-thu:19:42",
            "manage_master_user_password": null,
            "master_user_secret": [],
            "master_user_secret_kms_key_id": null,
            "max_allocated_storage": 0,
            "monitoring_interval": 0,
            "monitoring_role_arn": "",
            "multi_az": false,
            "nchar_character_set_name": "",
            "network_type": "IPV4",
            "option_group_name": "default:postgres-17",
            "parameter_group_name": "default.postgres17",
            "password": "0\u003c\\\u003eBM|Na'A{Vk]X:(t0^sAdY",
            "password_wo": null,
            "password_wo_version": null,
            "performance_insights_enabled": false,
            "performance_insights_kms_key_id": "",
            "performance_insights_retention_period": 0,
            "port": 5432,
            "publicly_accessible": true,
            "replica_mode": "",
            "replicas": [],
            "replicate_source_db": "",
            "resource_id": "db-UZEVJRYC7UDNHR5BE555MFHQKQ",
            "restore_to_point_in_time": [],
            "s3_import": [],
            "skip_final_snapshot": true,
            "snapshot_identifier": null,
            "status": "available",
            "storage_encrypted": false,
            "storage_throughput": 0,
            "storage_type": "gp2",
            "tags": {
              "Env": "staging",
              "Name": "postgres"
            },
            "tags_all": {
              "Env": "staging",
              "Name": "postgres"
            },
            "timeouts": null,
            "timezone": "",
            "upgrade_storage_config": null,
            "username": "hogwartsadmin",
            "vpc_security_group_ids": [
              "sg-09155751149b6f909"
            ]
          },
          "sensitive_attributes": [
            [
              {
                "type": "get_attr",
                "value": "password"
              }
            ],
            [
              {
                "type": "get_attr",
                "value": "password_wo"
              }
            ]
          ],
          "identity_schema_version": 0,
          "private": "eyJlMmJmYjczMC1lY2FhLTExZTYtOGY4OC0zNDM2M2JjN2M0YzAiOnsiY3JlYXRlIjozMDAwMDAwMDAwMDAwLCJkZWxldGUiOjM2MDAwMDAwMDAwMDAsInVwZGF0ZSI6NDgwMDAwMDAwMDAwMH0sInNjaGVtYV92ZXJzaW9uIjoiMiJ9",
          "dependencies": [
            "module.rds.aws_db_subnet_group.this",
            "module.rds.aws_security_group.postgres",
            "module.rds.data.aws_subnets.default",
            "module.rds.data.aws_vpc.default"
          ]
        }
      ]
    },
    {
      "module": "module.rds",
      "mode": "managed",
      "type": "aws_db_subnet_group",
      "name": "this",
      "provider": "provider[\"registry.terraform.io/hashicorp/aws\"]",
      "instances": [
        {
          "schema_version": 0,
          "attributes": {
            "arn": "arn:aws:rds:ap-southeast-1:466850084873:subgrp:postgres-default-subnets",
            "description": "Managed by Terraform",
            "id": "postgres-default-subnets",
            "name": "postgres-default-subnets",
            "name_prefix": "",
            "subnet_ids": [
              "subnet-04306e5ec81d26cb9",
              "subnet-04e7e7a400a797127",
              "subnet-0a18d409b26a05771"
            ],
            "supported_network_types": [
              "IPV4"
            ],
            "tags": {},
            "tags_all": {},
            "vpc_id": "vpc-00fe079e842c01175"
          },
          "sensitive_attributes": [],
          "identity_schema_version": 0,
          "private": "bnVsbA==",
          "dependencies": [
            "module.rds.data.aws_subnets.default",
            "module.rds.data.aws_vpc.default"
          ]
        }
      ]
    },
    {
      "module": "module.rds",
      "mode": "managed",
      "type": "aws_security_group",
      "name": "postgres",
      "provider": "provider[\"registry.terraform.io/hashicorp/aws\"]",
      "instances": [
        {
          "schema_version": 1,
          "attributes": {
            "arn": "arn:aws:ec2:ap-southeast-1:466850084873:security-group/sg-09155751149b6f909",
            "description": "Allow PostgreSQL inbound",
            "egress": [
              {
                "cidr_blocks": [
                  "0.0.0.0/0"
                ],
                "description": "",
                "from_port": 0,
                "ipv6_cidr_blocks": [],
                "prefix_list_ids": [],
                "protocol": "-1",
                "security_groups": [],
                "self": false,
                "to_port": 0
              }
            ],
            "id": "sg-09155751149b6f909",
            "ingress": [
              {
                "cidr_blocks": [
                  "0.0.0.0/0"
                ],
                "description": "Allow access to Postgres Database from 0.0.0.0/0",
                "from_port": 5432,
                "ipv6_cidr_blocks": [],
                "prefix_list_ids": [],
                "protocol": "tcp",
                "security_groups": [],
                "self": false,
                "to_port": 5432
              }
            ],
            "name": "postgres-rds-sg",
            "name_prefix": "",
            "owner_id": "466850084873",
            "revoke_rules_on_delete": false,
            "tags": {},
            "tags_all": {},
            "timeouts": null,
            "vpc_id": "vpc-00fe079e842c01175"
          },
          "sensitive_attributes": [],
          "identity_schema_version": 0,
          "private": "eyJlMmJmYjczMC1lY2FhLTExZTYtOGY4OC0zNDM2M2JjN2M0YzAiOnsiY3JlYXRlIjo2MDAwMDAwMDAwMDAsImRlbGV0ZSI6OTAwMDAwMDAwMDAwfSwic2NoZW1hX3ZlcnNpb24iOiIxIn0=",
          "dependencies": [
            "module.rds.data.aws_vpc.default"
          ]
        }
      ]
    }
  ],
  "check_results": [
    {
      "object_kind": "var",
      "config_addr": "var.region",
      "status": "unknown",
      "objects": [
        {
          "object_addr": "var.region",
          "status": "unknown"
        }
      ]
    }
  ]
}
