{
  "version": 4,
  "terraform_version": "1.13.4",
  "serial": 226,
  "lineage": "1af3fd1b-180f-df40-98ec-07b03d09c915",
  "outputs": {},
  "resources": [
    {
      "module": "module.alb",
      "mode": "data",
      "type": "aws_acm_certificate",
      "name": "oldmoon_io_vn",
      "provider": "provider[\"registry.terraform.io/hashicorp/aws\"]",
      "instances": [
        {
          "schema_version": 0,
          "attributes": {
            "arn": "arn:aws:acm:ap-southeast-1:466850084873:certificate/8b3a0c46-200c-4756-9a28-1b9b8175c9fd",
            "certificate": "-----BEGIN CERTIFICATE-----\nMIIFwjCCBKqgAwIBAgIQAxM6z9GNv0ee3BS4lB0YtzANBgkqhkiG9w0BAQsFADA8\nMQswCQYDVQQGEwJVUzEPMA0GA1UEChMGQW1hem9uMRwwGgYDVQQDExNBbWF6b24g\nUlNBIDIwNDggTTAxMB4XDTI1MTAzMDAwMDAwMFoXDTI2MTEyODIzNTk1OVowGjEY\nMBYGA1UEAwwPKi5vbGRtb29uLmlvLnZuMIIBIjANBgkqhkiG9w0BAQEFAAOCAQ8A\nMIIBCgKCAQEA34qyNnw2lAa1LGJM79Fv4JTzvyhGqFkdoquebTlycSYcy4NlyrWP\nYmYxC8KnqVupSMj/ibYcUY0gJfU7S0nlCn4/16ZJ+V56zWFylRk6fJae0ZAQYxb7\nKzlZ9ybhM+sR7UjqKnIQoevLQv0ZWBUc9/7bt8leqUuiLDnxJL/MjDBqVtgpqAmS\niA1nicpLSoibg8M80ANyVK7O3/1f4Ll65m18ZXfuU1wemkPHZy8sxwVkadeS2lJM\nGtcXtBNIMQArKdUJrEGiMgHY4Fr49t/7oHigZjiO7N5taino+58ldyqNjofosbVK\nA8j90F5rKCuf9154/m/1PSaKZ9THvv108wIDAQABo4IC4DCCAtwwHwYDVR0jBBgw\nFoAUgbgOY4qJEhjl+js7UJWf5uWQE4UwHQYDVR0OBBYEFCMz0YnoUMahzEMFYsOW\nPOv5qgsMMBoGA1UdEQQTMBGCDyoub2xkbW9vbi5pby52bjATBgNVHSAEDDAKMAgG\nBmeBDAECATAOBgNVHQ8BAf8EBAMCBaAwEwYDVR0lBAwwCgYIKwYBBQUHAwEwOwYD\nVR0fBDQwMjAwoC6gLIYqaHR0cDovL2NybC5yMm0wMS5hbWF6b250cnVzdC5jb20v\ncjJtMDEuY3JsMHUGCCsGAQUFBwEBBGkwZzAtBggrBgEFBQcwAYYhaHR0cDovL29j\nc3AucjJtMDEuYW1hem9udHJ1c3QuY29tMDYGCCsGAQUFBzAChipodHRwOi8vY3J0\nLnIybTAxLmFtYXpvbnRydXN0LmNvbS9yMm0wMS5jZXIwDAYDVR0TAQH/BAIwADCC\nAYAGCisGAQQB1nkCBAIEggFwBIIBbAFqAHYA2AlVO5RPev/IFhlvlE+Fq7D4/F6H\nVSYPFdEucrtFSxQAAAGaM5zK8gAABAMARzBFAiEA03WgCcpMf5iJRyF2XmzkYNWr\nVoZEEHQXC3X3dLXBJDgCIDFKEE99iMh/46cpAyjRVFO5UINPyS3arQDUd9ZcbJAA\nAHcAwjF+V0UZo0XufzjespBB68fCIVoiv3/Vta12mtkOUs0AAAGaM5zK/wAABAMA\nSDBGAiEAyPFhQTKhfNdIN8u8xhFcDrdGrJfbvT1vCtOrGNHf/k0CIQCWplH+9U0p\nXnLb9LufTzral/h582flZDbaIGnqH3q2pwB3AJROQ4f67MHvgfMZJCaoGGUBx9Nf\nOAIBP3JnfVU3LhnYAAABmjOcyxQAAAQDAEgwRgIhAJz0jeKCRItoTWz3GDNgL/ug\nhqQiu46zSp9Y8o6PK4YfAiEArBQdLAiAnGGMV5vhJyalWp4Sv+Vf4tEXF4jXHHkn\npo0wDQYJKoZIhvcNAQELBQADggEBACTBNV+Jk63u8f49Jbxp+9TXhDjdK1am4SBq\nx/pleu6TN9oGDPqI2d6odO6uzYVzq5+/eUMW7z20nFmc9KC8DdeG21VEOIJCGwDn\n01IXaPTmavL6n4jhyZH0ZDL5IRPsO6rfqioSYKftrAfv2VGtcuI962p7o1EscAW5\nNbsYDHWCdmiSeOwcuHuPKKNNqsdOpLCNy08TwAMZNXfyG0n3DsJ9Zwj4ZpCNiHVA\n5yatOz1EwVyWaUVIkR63w+Z0cHH62b/fw1vx2ftHQP1LG6yCzdtBVJL1qNzXpgRI\nyXgyvFzUPBQNG4RHPIGP8Y9YQ0UW2BE3RvtrLYGljaSK9tNJgik=\n-----END CERTIFICATE-----\n",
            "certificate_chain": "-----BEGIN CERTIFICATE-----\nMIIEXjCCA0agAwIBAgITB3MSOAudZoijOx7Zv5zNpo4ODzANBgkqhkiG9w0BAQsF\nADA5MQswCQYDVQQGEwJVUzEPMA0GA1UEChMGQW1hem9uMRkwFwYDVQQDExBBbWF6\nb24gUm9vdCBDQSAxMB4XDTIyMDgyMzIyMjEyOFoXDTMwMDgyMzIyMjEyOFowPDEL\nMAkGA1UEBhMCVVMxDzANBgNVBAoTBkFtYXpvbjEcMBoGA1UEAxMTQW1hem9uIFJT\nQSAyMDQ4IE0wMTCCASIwDQYJKoZIhvcNAQEBBQADggEPADCCAQoCggEBAOtxLKnL\nH4gokjIwr4pXD3i3NyWVVYesZ1yX0yLI2qIUZ2t88Gfa4gMqs1YSXca1R/lnCKeT\nepWSGA+0+fkQNpp/L4C2T7oTTsddUx7g3ZYzByDTlrwS5HRQQqEFE3O1T5tEJP4t\nf+28IoXsNiEzl3UGzicYgtzj2cWCB41eJgEmJmcf2T8TzzK6a614ZPyq/w4CPAff\nnAV4coz96nW3AyiE2uhuB4zQUIXvgVSycW7sbWLvj5TDXunEpNCRwC4kkZjK7rol\njtT2cbb7W2s4Bkg3R42G3PLqBvt2N32e/0JOTViCk8/iccJ4sXqrS1uUN4iB5Nmv\nJK74csVl+0u0UecCAwEAAaOCAVowggFWMBIGA1UdEwEB/wQIMAYBAf8CAQAwDgYD\nVR0PAQH/BAQDAgGGMB0GA1UdJQQWMBQGCCsGAQUFBwMBBggrBgEFBQcDAjAdBgNV\nHQ4EFgQUgbgOY4qJEhjl+js7UJWf5uWQE4UwHwYDVR0jBBgwFoAUhBjMhTTsvAyU\nlC4IWZzHshBOCggwewYIKwYBBQUHAQEEbzBtMC8GCCsGAQUFBzABhiNodHRwOi8v\nb2NzcC5yb290Y2ExLmFtYXpvbnRydXN0LmNvbTA6BggrBgEFBQcwAoYuaHR0cDov\nL2NydC5yb290Y2ExLmFtYXpvbnRydXN0LmNvbS9yb290Y2ExLmNlcjA/BgNVHR8E\nODA2MDSgMqAwhi5odHRwOi8vY3JsLnJvb3RjYTEuYW1hem9udHJ1c3QuY29tL3Jv\nb3RjYTEuY3JsMBMGA1UdIAQMMAowCAYGZ4EMAQIBMA0GCSqGSIb3DQEBCwUAA4IB\nAQCtAN4CBSMuBjJitGuxlBbkEUDeK/pZwTXv4KqPK0G50fOHOQAd8j21p0cMBgbG\nkfMHVwLU7b0XwZCav0h1ogdPMN1KakK1DT0VwA/+hFvGPJnMV1Kx2G4S1ZaSk0uU\n5QfoiYIIano01J5k4T2HapKQmmOhS/iPtuo00wW+IMLeBuKMn3OLn005hcrOGTad\nhcmeyfhQP7Z+iKHvyoQGi1C0ClymHETx/chhQGDyYSWqB/THwnN15AwLQo0E5V9E\nSJlbe4mBlqeInUsNYugExNf+tOiybcrswBy8OFsd34XOW3rjSUtsuafd9AWySa3h\nxRRrwszrzX/WWGm6wyB+f7C4\n-----END CERTIFICATE-----\n-----BEGIN CERTIFICATE-----\nMIIEkjCCA3qgAwIBAgITBn+USionzfP6wq4rAfkI7rnExjANBgkqhkiG9w0BAQsF\nADCBmDELMAkGA1UEBhMCVVMxEDAOBgNVBAgTB0FyaXpvbmExEzARBgNVBAcTClNj\nb3R0c2RhbGUxJTAjBgNVBAoTHFN0YXJmaWVsZCBUZWNobm9sb2dpZXMsIEluYy4x\nOzA5BgNVBAMTMlN0YXJmaWVsZCBTZXJ2aWNlcyBSb290IENlcnRpZmljYXRlIEF1\ndGhvcml0eSAtIEcyMB4XDTE1MDUyNTEyMDAwMFoXDTM3MTIzMTAxMDAwMFowOTEL\nMAkGA1UEBhMCVVMxDzANBgNVBAoTBkFtYXpvbjEZMBcGA1UEAxMQQW1hem9uIFJv\nb3QgQ0EgMTCCASIwDQYJKoZIhvcNAQEBBQADggEPADCCAQoCggEBALJ4gHHKeNXj\nca9HgFB0fW7Y14h29Jlo91ghYPl0hAEvrAIthtOgQ3pOsqTQNroBvo3bSMgHFzZM\n9O6II8c+6zf1tRn4SWiw3te5djgdYZ6k/oI2peVKVuRF4fn9tBb6dNqcmzU5L/qw\nIFAGbHrQgLKm+a/sRxmPUDgH3KKHOVj4utWp+UhnMJbulHheb4mjUcAwhmahRWa6\nVOujw5H5SNz/0egwLX0tdHA114gk957EWW67c4cX8jJGKLhD+rcdqsq08p8kDi1L\n93FcXmn/6pUCyziKrlA4b9v7LWIbxcceVOF34GfID5yHI9Y/QCB/IIDEgEw+OyQm\njgSubJrIqg0CAwEAAaOCATEwggEtMA8GA1UdEwEB/wQFMAMBAf8wDgYDVR0PAQH/\nBAQDAgGGMB0GA1UdDgQWBBSEGMyFNOy8DJSULghZnMeyEE4KCDAfBgNVHSMEGDAW\ngBScXwDfqgHXMCs4iKK4bUqc8hGRgzB4BggrBgEFBQcBAQRsMGowLgYIKwYBBQUH\nMAGGImh0dHA6Ly9vY3NwLnJvb3RnMi5hbWF6b250cnVzdC5jb20wOAYIKwYBBQUH\nMAKGLGh0dHA6Ly9jcnQucm9vdGcyLmFtYXpvbnRydXN0LmNvbS9yb290ZzIuY2Vy\nMD0GA1UdHwQ2MDQwMqAwoC6GLGh0dHA6Ly9jcmwucm9vdGcyLmFtYXpvbnRydXN0\nLmNvbS9yb290ZzIuY3JsMBEGA1UdIAQKMAgwBgYEVR0gADANBgkqhkiG9w0BAQsF\nAAOCAQEAYjdCXLwQtT6LLOkMm2xF4gcAevnFWAu5CIw+7bMlPLVvUOTNNWqnkzSW\nMiGpSESrnO09tKpzbeR/FoCJbM8oAxiDR3mjEH4wW6w7sGDgd9QIpuEdfF7Au/ma\neyKdpwAJfqxGF4PcnCZXmTA5YpaP7dreqsXMGz7KQ2hsVxa81Q4gLv7/wmpdLqBK\nbRRYh5TmOTFffHPLkIhqhBGWJ6bt2YFGpn6jcgAKUj6DiAdjd4lpFw85hdKrCEVN\n0FE6/V1dN2RMfjCyVSRCnTawXZwXgWHxyvkQAiSr6w10kY17RSlQOYiypok1JR4U\nakcjMS9cmvqtmg5iUaQqqcT5NJ0hGA==\n-----END CERTIFICATE-----\n",
            "domain": "*.oldmoon.io.vn",
            "id": "arn:aws:acm:ap-southeast-1:466850084873:certificate/8b3a0c46-200c-4756-9a28-1b9b8175c9fd",
            "key_types": null,
            "most_recent": true,
            "status": "ISSUED",
            "statuses": [
              "ISSUED"
            ],
            "tags": {},
            "types": null
          },
          "sensitive_attributes": [],
          "identity_schema_version": 0
        }
      ]
    },
    {
      "module": "module.alb",
      "mode": "managed",
      "type": "aws_lb",
      "name": "hogwarts",
      "provider": "provider[\"registry.terraform.io/hashicorp/aws\"]",
      "instances": [
        {
          "schema_version": 0,
          "attributes": {
            "access_logs": [
              {
                "bucket": "",
                "enabled": false,
                "prefix": ""
              }
            ],
            "arn": "arn:aws:elasticloadbalancing:ap-southeast-1:466850084873:loadbalancer/app/hogwarts-lb/a48248c888ca3dd9",
            "arn_suffix": "app/hogwarts-lb/a48248c888ca3dd9",
            "client_keep_alive": 3600,
            "connection_logs": [
              {
                "bucket": "",
                "enabled": false,
                "prefix": ""
              }
            ],
            "customer_owned_ipv4_pool": "",
            "desync_mitigation_mode": "defensive",
            "dns_name": "hogwarts-lb-175941605.ap-southeast-1.elb.amazonaws.com",
            "dns_record_client_routing_policy": null,
            "drop_invalid_header_fields": false,
            "enable_cross_zone_load_balancing": true,
            "enable_deletion_protection": false,
            "enable_http2": true,
            "enable_tls_version_and_cipher_suite_headers": false,
            "enable_waf_fail_open": false,
            "enable_xff_client_port": false,
            "enable_zonal_shift": false,
            "enforce_security_group_inbound_rules_on_private_link_traffic": "",
            "id": "arn:aws:elasticloadbalancing:ap-southeast-1:466850084873:loadbalancer/app/hogwarts-lb/a48248c888ca3dd9",
            "idle_timeout": 60,
            "internal": false,
            "ip_address_type": "ipv4",
            "ipam_pools": [],
            "load_balancer_type": "application",
            "minimum_load_balancer_capacity": [],
            "name": "hogwarts-lb",
            "name_prefix": "",
            "preserve_host_header": false,
            "security_groups": [
              "sg-0bfa4e512de8993ce",
              "sg-0ef29e553acdbee2a"
            ],
            "subnet_mapping": [
              {
                "allocation_id": "",
                "ipv6_address": "",
                "outpost_id": "",
                "private_ipv4_address": "",
                "subnet_id": "subnet-04306e5ec81d26cb9"
              },
              {
                "allocation_id": "",
                "ipv6_address": "",
                "outpost_id": "",
                "private_ipv4_address": "",
                "subnet_id": "subnet-04e7e7a400a797127"
              },
              {
                "allocation_id": "",
                "ipv6_address": "",
                "outpost_id": "",
                "private_ipv4_address": "",
                "subnet_id": "subnet-0a18d409b26a05771"
              }
            ],
            "subnets": [
              "subnet-04306e5ec81d26cb9",
              "subnet-04e7e7a400a797127",
              "subnet-0a18d409b26a05771"
            ],
            "tags": {},
            "tags_all": {},
            "timeouts": null,
            "vpc_id": "vpc-00fe079e842c01175",
            "xff_header_processing_mode": "append",
            "zone_id": "Z1LMS91P8CMLE5"
          },
          "sensitive_attributes": [],
          "identity_schema_version": 0,
          "private": "eyJlMmJmYjczMC1lY2FhLTExZTYtOGY4OC0zNDM2M2JjN2M0YzAiOnsiY3JlYXRlIjo2MDAwMDAwMDAwMDAsImRlbGV0ZSI6NjAwMDAwMDAwMDAwLCJ1cGRhdGUiOjYwMDAwMDAwMDAwMH19",
          "dependencies": [
            "module.network.aws_security_group.http",
            "module.network.aws_security_group.https",
            "module.network.data.aws_subnets.default",
            "module.network.data.aws_vpc.default"
          ]
        }
      ]
    },
    {
      "module": "module.alb",
      "mode": "managed",
      "type": "aws_lb_listener",
      "name": "http",
      "provider": "provider[\"registry.terraform.io/hashicorp/aws\"]",
      "instances": [
        {
          "schema_version": 0,
          "attributes": {
            "alpn_policy": null,
            "arn": "arn:aws:elasticloadbalancing:ap-southeast-1:466850084873:listener/app/hogwarts-lb/a48248c888ca3dd9/7e437ee28355a615",
            "certificate_arn": null,
            "default_action": [
              {
                "authenticate_cognito": [],
                "authenticate_oidc": [],
                "fixed_response": [],
                "forward": [],
                "order": 1,
                "redirect": [
                  {
                    "host": "#{host}",
                    "path": "/#{path}",
                    "port": "443",
                    "protocol": "HTTPS",
                    "query": "#{query}",
                    "status_code": "HTTP_301"
                  }
                ],
                "target_group_arn": "",
                "type": "redirect"
              }
            ],
            "id": "arn:aws:elasticloadbalancing:ap-southeast-1:466850084873:listener/app/hogwarts-lb/a48248c888ca3dd9/7e437ee28355a615",
            "load_balancer_arn": "arn:aws:elasticloadbalancing:ap-southeast-1:466850084873:loadbalancer/app/hogwarts-lb/a48248c888ca3dd9",
            "mutual_authentication": [],
            "port": 80,
            "protocol": "HTTP",
            "routing_http_request_x_amzn_mtls_clientcert_header_name": null,
            "routing_http_request_x_amzn_mtls_clientcert_issuer_header_name": null,
            "routing_http_request_x_amzn_mtls_clientcert_leaf_header_name": null,
            "routing_http_request_x_amzn_mtls_clientcert_serial_number_header_name": null,
            "routing_http_request_x_amzn_mtls_clientcert_subject_header_name": null,
            "routing_http_request_x_amzn_mtls_clientcert_validity_header_name": null,
            "routing_http_request_x_amzn_tls_cipher_suite_header_name": null,
            "routing_http_request_x_amzn_tls_version_header_name": null,
            "routing_http_response_access_control_allow_credentials_header_value": "",
            "routing_http_response_access_control_allow_headers_header_value": "",
            "routing_http_response_access_control_allow_methods_header_value": "",
            "routing_http_response_access_control_allow_origin_header_value": "",
            "routing_http_response_access_control_expose_headers_header_value": "",
            "routing_http_response_access_control_max_age_header_value": "",
            "routing_http_response_content_security_policy_header_value": "",
            "routing_http_response_server_enabled": true,
            "routing_http_response_strict_transport_security_header_value": "",
            "routing_http_response_x_content_type_options_header_value": "",
            "routing_http_response_x_frame_options_header_value": "",
            "ssl_policy": "",
            "tags": {},
            "tags_all": {},
            "tcp_idle_timeout_seconds": null,
            "timeouts": null
          },
          "sensitive_attributes": [],
          "identity_schema_version": 0,
          "private": "eyJlMmJmYjczMC1lY2FhLTExZTYtOGY4OC0zNDM2M2JjN2M0YzAiOnsiY3JlYXRlIjozMDAwMDAwMDAwMDAsInVwZGF0ZSI6MzAwMDAwMDAwMDAwfX0=",
          "dependencies": [
            "module.alb.aws_lb.hogwarts",
            "module.network.aws_security_group.http",
            "module.network.aws_security_group.https",
            "module.network.data.aws_subnets.default",
            "module.network.data.aws_vpc.default"
          ]
        }
      ]
    },
    {
      "module": "module.alb",
      "mode": "managed",
      "type": "aws_lb_listener",
      "name": "https",
      "provider": "provider[\"registry.terraform.io/hashicorp/aws\"]",
      "instances": [
        {
          "schema_version": 0,
          "attributes": {
            "alpn_policy": null,
            "arn": "arn:aws:elasticloadbalancing:ap-southeast-1:466850084873:listener/app/hogwarts-lb/a48248c888ca3dd9/7e1c5084237df106",
            "certificate_arn": "arn:aws:acm:ap-southeast-1:466850084873:certificate/8b3a0c46-200c-4756-9a28-1b9b8175c9fd",
            "default_action": [
              {
                "authenticate_cognito": [],
                "authenticate_oidc": [],
                "fixed_response": [],
                "forward": [],
                "order": 1,
                "redirect": [],
                "target_group_arn": "arn:aws:elasticloadbalancing:ap-southeast-1:466850084873:targetgroup/hogwarts-app-tg/4c1901ba613547b6",
                "type": "forward"
              }
            ],
            "id": "arn:aws:elasticloadbalancing:ap-southeast-1:466850084873:listener/app/hogwarts-lb/a48248c888ca3dd9/7e1c5084237df106",
            "load_balancer_arn": "arn:aws:elasticloadbalancing:ap-southeast-1:466850084873:loadbalancer/app/hogwarts-lb/a48248c888ca3dd9",
            "mutual_authentication": [
              {
                "advertise_trust_store_ca_names": "",
                "ignore_client_certificate_expiry": false,
                "mode": "off",
                "trust_store_arn": ""
              }
            ],
            "port": 443,
            "protocol": "HTTPS",
            "routing_http_request_x_amzn_mtls_clientcert_header_name": "",
            "routing_http_request_x_amzn_mtls_clientcert_issuer_header_name": "",
            "routing_http_request_x_amzn_mtls_clientcert_leaf_header_name": "",
            "routing_http_request_x_amzn_mtls_clientcert_serial_number_header_name": "",
            "routing_http_request_x_amzn_mtls_clientcert_subject_header_name": "",
            "routing_http_request_x_amzn_mtls_clientcert_validity_header_name": "",
            "routing_http_request_x_amzn_tls_cipher_suite_header_name": "",
            "routing_http_request_x_amzn_tls_version_header_name": "",
            "routing_http_response_access_control_allow_credentials_header_value": "",
            "routing_http_response_access_control_allow_headers_header_value": "",
            "routing_http_response_access_control_allow_methods_header_value": "",
            "routing_http_response_access_control_allow_origin_header_value": "",
            "routing_http_response_access_control_expose_headers_header_value": "",
            "routing_http_response_access_control_max_age_header_value": "",
            "routing_http_response_content_security_policy_header_value": "",
            "routing_http_response_server_enabled": true,
            "routing_http_response_strict_transport_security_header_value": "",
            "routing_http_response_x_content_type_options_header_value": "",
            "routing_http_response_x_frame_options_header_value": "",
            "ssl_policy": "ELBSecurityPolicy-2016-08",
            "tags": {},
            "tags_all": {},
            "tcp_idle_timeout_seconds": null,
            "timeouts": null
          },
          "sensitive_attributes": [],
          "identity_schema_version": 0,
          "private": "eyJlMmJmYjczMC1lY2FhLTExZTYtOGY4OC0zNDM2M2JjN2M0YzAiOnsiY3JlYXRlIjozMDAwMDAwMDAwMDAsInVwZGF0ZSI6MzAwMDAwMDAwMDAwfX0=",
          "dependencies": [
            "module.alb.aws_lb.hogwarts",
            "module.alb.aws_lb_target_group.hogwarts_app",
            "module.alb.data.aws_acm_certificate.oldmoon_io_vn",
            "module.network.aws_security_group.http",
            "module.network.aws_security_group.https",
            "module.network.data.aws_subnets.default",
            "module.network.data.aws_vpc.default"
          ]
        }
      ]
    },
    {
      "module": "module.alb",
      "mode": "managed",
      "type": "aws_lb_target_group",
      "name": "hogwarts_app",
      "provider": "provider[\"registry.terraform.io/hashicorp/aws\"]",
      "instances": [
        {
          "schema_version": 0,
          "attributes": {
            "arn": "arn:aws:elasticloadbalancing:ap-southeast-1:466850084873:targetgroup/hogwarts-app-tg/4c1901ba613547b6",
            "arn_suffix": "targetgroup/hogwarts-app-tg/4c1901ba613547b6",
            "connection_termination": null,
            "deregistration_delay": "10",
            "health_check": [
              {
                "enabled": true,
                "healthy_threshold": 2,
                "interval": 30,
                "matcher": "200-399",
                "path": "/actuator/health",
                "port": "traffic-port",
                "protocol": "HTTP",
                "timeout": 5,
                "unhealthy_threshold": 2
              }
            ],
            "id": "arn:aws:elasticloadbalancing:ap-southeast-1:466850084873:targetgroup/hogwarts-app-tg/4c1901ba613547b6",
            "ip_address_type": "ipv4",
            "lambda_multi_value_headers_enabled": false,
            "load_balancer_arns": [
              "arn:aws:elasticloadbalancing:ap-southeast-1:466850084873:loadbalancer/app/hogwarts-lb/a48248c888ca3dd9"
            ],
            "load_balancing_algorithm_type": "round_robin",
            "load_balancing_anomaly_mitigation": "off",
            "load_balancing_cross_zone_enabled": "use_load_balancer_configuration",
            "name": "hogwarts-app-tg",
            "name_prefix": "",
            "port": 8081,
            "preserve_client_ip": null,
            "protocol": "HTTP",
            "protocol_version": "HTTP1",
            "proxy_protocol_v2": false,
            "slow_start": 0,
            "stickiness": [
              {
                "cookie_duration": 86400,
                "cookie_name": "",
                "enabled": false,
                "type": "lb_cookie"
              }
            ],
            "tags": {},
            "tags_all": {},
            "target_failover": [
              {
                "on_deregistration": null,
                "on_unhealthy": null
              }
            ],
            "target_group_health": [
              {
                "dns_failover": [
                  {
                    "minimum_healthy_targets_count": "1",
                    "minimum_healthy_targets_percentage": "off"
                  }
                ],
                "unhealthy_state_routing": [
                  {
                    "minimum_healthy_targets_count": 1,
                    "minimum_healthy_targets_percentage": "off"
                  }
                ]
              }
            ],
            "target_health_state": [
              {
                "enable_unhealthy_connection_termination": null,
                "unhealthy_draining_interval": null
              }
            ],
            "target_type": "ip",
            "vpc_id": "vpc-00fe079e842c01175"
          },
          "sensitive_attributes": [],
          "identity_schema_version": 0,
          "private": "bnVsbA==",
          "dependencies": [
            "module.network.data.aws_vpc.default"
          ]
        }
      ]
    },
    {
      "module": "module.ec2",
      "mode": "managed",
      "type": "aws_iam_instance_profile",
      "name": "ecs_agent_profile",
      "provider": "provider[\"registry.terraform.io/hashicorp/aws\"]",
      "instances": [
        {
          "schema_version": 0,
          "attributes": {
            "arn": "arn:aws:iam::466850084873:instance-profile/ecs-agent-profile",
            "create_date": "2025-10-26T05:31:30Z",
            "id": "ecs-agent-profile",
            "name": "ecs-agent-profile",
            "name_prefix": "",
            "path": "/",
            "role": "ecs-agent-role",
            "tags": {},
            "tags_all": {},
            "unique_id": "AIPAWZMTO7AEWCIX52UKS"
          },
          "sensitive_attributes": [],
          "identity_schema_version": 0,
          "private": "bnVsbA==",
          "dependencies": [
            "module.ec2.aws_iam_role.ecs_agent_role"
          ]
        }
      ]
    },
    {
      "module": "module.ec2",
      "mode": "managed",
      "type": "aws_iam_role",
      "name": "ecs_agent_role",
      "provider": "provider[\"registry.terraform.io/hashicorp/aws\"]",
      "instances": [
        {
          "schema_version": 0,
          "attributes": {
            "arn": "arn:aws:iam::466850084873:role/ecs-agent-role",
            "assume_role_policy": "{\"Statement\":[{\"Action\":\"sts:AssumeRole\",\"Effect\":\"Allow\",\"Principal\":{\"Service\":\"ec2.amazonaws.com\"},\"Sid\":\"\"}],\"Version\":\"2012-10-17\"}",
            "create_date": "2025-10-26T05:31:28Z",
            "description": "",
            "force_detach_policies": false,
            "id": "ecs-agent-role",
            "inline_policy": [],
            "managed_policy_arns": [
              "arn:aws:iam::aws:policy/service-role/AmazonEC2ContainerServiceforEC2Role"
            ],
            "max_session_duration": 3600,
            "name": "ecs-agent-role",
            "name_prefix": "",
            "path": "/",
            "permissions_boundary": "",
            "tags": {},
            "tags_all": {},
            "unique_id": "AROAWZMTO7AESPLNPBUXQ"
          },
          "sensitive_attributes": [],
          "identity_schema_version": 0,
          "private": "bnVsbA=="
        }
      ]
    },
    {
      "module": "module.ec2",
      "mode": "managed",
      "type": "aws_iam_role_policy_attachment",
      "name": "ecs_agent_policy",
      "provider": "provider[\"registry.terraform.io/hashicorp/aws\"]",
      "instances": [
        {
          "schema_version": 0,
          "attributes": {
            "id": "ecs-agent-role-20251026053129873400000001",
            "policy_arn": "arn:aws:iam::aws:policy/service-role/AmazonEC2ContainerServiceforEC2Role",
            "role": "ecs-agent-role"
          },
          "sensitive_attributes": [],
          "identity_schema_version": 0,
          "private": "bnVsbA==",
          "dependencies": [
            "module.ec2.aws_iam_role.ecs_agent_role"
          ]
        }
      ]
    },
    {
      "module": "module.ec2",
      "mode": "managed",
      "type": "aws_instance",
      "name": "hogwarts",
      "provider": "provider[\"registry.terraform.io/hashicorp/aws\"]",
      "instances": [
        {
          "schema_version": 1,
          "attributes": {
            "ami": "ami-0ee7f8b6fb685d634",
            "arn": "arn:aws:ec2:ap-southeast-1:466850084873:instance/i-09e5e02ecf825f180",
            "associate_public_ip_address": true,
            "availability_zone": "ap-southeast-1c",
            "capacity_reservation_specification": [
              {
                "capacity_reservation_preference": "open",
                "capacity_reservation_target": []
              }
            ],
            "cpu_core_count": 1,
            "cpu_options": [
              {
                "amd_sev_snp": "",
                "core_count": 1,
                "threads_per_core": 2
              }
            ],
            "cpu_threads_per_core": 2,
            "credit_specification": [
              {
                "cpu_credits": "unlimited"
              }
            ],
            "disable_api_stop": false,
            "disable_api_termination": false,
            "ebs_block_device": [],
            "ebs_optimized": false,
            "enable_primary_ipv6": null,
            "enclave_options": [
              {
                "enabled": false
              }
            ],
            "ephemeral_block_device": [],
            "get_password_data": false,
            "hibernation": false,
            "host_id": "",
            "host_resource_group_arn": null,
            "iam_instance_profile": "ecs-agent-profile",
            "id": "i-09e5e02ecf825f180",
            "instance_initiated_shutdown_behavior": "stop",
            "instance_lifecycle": "",
            "instance_market_options": [],
            "instance_state": "running",
            "instance_type": "t3.small",
            "ipv6_address_count": 0,
            "ipv6_addresses": [],
            "key_name": "hogwarts-ec2-key",
            "launch_template": [],
            "maintenance_options": [
              {
                "auto_recovery": "default"
              }
            ],
            "metadata_options": [
              {
                "http_endpoint": "enabled",
                "http_protocol_ipv6": "disabled",
                "http_put_response_hop_limit": 2,
                "http_tokens": "required",
                "instance_metadata_tags": "disabled"
              }
            ],
            "monitoring": false,
            "network_interface": [],
            "outpost_arn": "",
            "password_data": "",
            "placement_group": "",
            "placement_partition_number": 0,
            "primary_network_interface_id": "eni-0fe7c5b98a8adc822",
            "private_dns": "ip-172-31-14-12.ap-southeast-1.compute.internal",
            "private_dns_name_options": [
              {
                "enable_resource_name_dns_a_record": false,
                "enable_resource_name_dns_aaaa_record": false,
                "hostname_type": "ip-name"
              }
            ],
            "private_ip": "172.31.14.12",
            "public_dns": "ec2-13-212-140-14.ap-southeast-1.compute.amazonaws.com",
            "public_ip": "13.212.140.14",
            "root_block_device": [
              {
                "delete_on_termination": true,
                "device_name": "/dev/xvda",
                "encrypted": false,
                "iops": 3000,
                "kms_key_id": "",
                "tags": {},
                "tags_all": {},
                "throughput": 125,
                "volume_id": "vol-09c398b5bce0acf42",
                "volume_size": 30,
                "volume_type": "gp3"
              }
            ],
            "secondary_private_ips": [],
            "security_groups": [
              "ssh-sg"
            ],
            "source_dest_check": true,
            "spot_instance_request_id": "",
            "subnet_id": "subnet-0a18d409b26a05771",
            "tags": {},
            "tags_all": {},
            "tenancy": "default",
            "timeouts": null,
            "user_data": "fb21aaa0627fd6ce677d00f890c4db265423808c",
            "user_data_base64": null,
            "user_data_replace_on_change": false,
            "volume_tags": null,
            "vpc_security_group_ids": [
              "sg-09c9cb1f5a6510b6c"
            ]
          },
          "sensitive_attributes": [],
          "identity_schema_version": 0,
          "private": "eyJlMmJmYjczMC1lY2FhLTExZTYtOGY4OC0zNDM2M2JjN2M0YzAiOnsiY3JlYXRlIjo2MDAwMDAwMDAwMDAsImRlbGV0ZSI6MTIwMDAwMDAwMDAwMCwicmVhZCI6OTAwMDAwMDAwMDAwLCJ1cGRhdGUiOjYwMDAwMDAwMDAwMH0sInNjaGVtYV92ZXJzaW9uIjoiMSJ9",
          "dependencies": [
            "module.ec2.aws_iam_instance_profile.ecs_agent_profile",
            "module.ec2.aws_iam_role.ecs_agent_role",
            "module.ec2.aws_key_pair.ssh_key",
            "module.network.aws_security_group.ssh",
            "module.network.data.aws_vpc.default"
          ]
        }
      ]
    },
    {
      "module": "module.ec2",
      "mode": "managed",
      "type": "aws_key_pair",
      "name": "ssh_key",
      "provider": "provider[\"registry.terraform.io/hashicorp/aws\"]",
      "instances": [
        {
          "schema_version": 1,
          "attributes": {
            "arn": "arn:aws:ec2:ap-southeast-1:466850084873:key-pair/hogwarts-ec2-key",
            "fingerprint": "d6:82:ec:00:d4:e9:33:e5:4d:2f:09:02:77:21:e7:1a",
            "id": "hogwarts-ec2-key",
            "key_name": "hogwarts-ec2-key",
            "key_name_prefix": "",
            "key_pair_id": "key-0ea00b611ac067353",
            "key_type": "rsa",
            "public_key": "ssh-rsa AAAAB3NzaC1yc2EAAAADAQABAAACAQDnQJFW5r8Sz1YdOSSMxpg4wHeMd5s37/yTpdw4XBxsGJHiL1wXa9fgb0aihdntNx/vknNt4KLvU0NZOzgPCp3tE3YwuPoPO7iUYBlZzWZxzObKL0OSgYoeyHgd6ApK16YH89IA7u4XLo+Vm9muWfvpvNXVCiWXYUwvF3Ud7YmmzHA/UQ15z00u8HwBxmjbna0Bcu7V6UYG/IiBDXMf72SXkp3omq92E/KDL+ESOdnPMxYo+S+SNSgfN49/yHOUE9T5eg5F6RWxyS3ScVxTEZB+43jVZKZv0MP7oc6UI2EhDUb+9nVl0rQO2q5mDoQyE9EHpc5n4FhCrTRtLlwoRRJN6mwcOY7B/63yZT/7uYm1T6pcwUyBHnnLCcoD598MLHKnV3EGTbfs6tduMJJdye96X/zYoXc3JIoJe0V9tXijtk01fYpiKfuC9VX987eUO7wXXdv+pxov2ZB/x9/VsGPCzeMO6fFLl0JtyDfWKLFK7LxLCoRbMednVwYmVa649UJtGs8ymGZGiGbEBU99MlXzB9FLSlkcq/E7oBWn63d/QAqpjQpG9lq/xcTts/LQsE/1pf7YPsxhb2XjuCoQ1VftFHa9xAs9PounVzXOilUJpD4c3U2ahleDYGK6e7fXjHHgRSo+Si6f9RKEsRa0M5V2R+j1BFSQqvSR+rsa9L1aFw== namvuong1402@conguyetduong",
            "tags": {},
            "tags_all": {}
          },
          "sensitive_attributes": [],
          "identity_schema_version": 0,
          "private": "eyJzY2hlbWFfdmVyc2lvbiI6IjEifQ=="
        }
      ]
    },
    {
      "module": "module.ecs",
      "mode": "managed",
      "type": "aws_ecs_cluster",
      "name": "hogwarts",
      "provider": "provider[\"registry.terraform.io/hashicorp/aws\"]",
      "instances": [
        {
          "schema_version": 0,
          "attributes": {
            "arn": "arn:aws:ecs:ap-southeast-1:466850084873:cluster/hogwarts-cluster",
            "configuration": [],
            "id": "arn:aws:ecs:ap-southeast-1:466850084873:cluster/hogwarts-cluster",
            "name": "hogwarts-cluster",
            "service_connect_defaults": [],
            "setting": [
              {
                "name": "containerInsights",
                "value": "disabled"
              }
            ],
            "tags": {},
            "tags_all": {}
          },
          "sensitive_attributes": [],
          "identity_schema_version": 0,
          "private": "bnVsbA=="
        }
      ]
    },
    {
      "module": "module.ecs",
      "mode": "managed",
      "type": "aws_ecs_service",
      "name": "hogwarts-app",
      "provider": "provider[\"registry.terraform.io/hashicorp/aws\"]",
      "instances": [
        {
          "schema_version": 1,
          "attributes": {
            "alarms": [],
            "availability_zone_rebalancing": "DISABLED",
            "capacity_provider_strategy": [],
            "cluster": "arn:aws:ecs:ap-southeast-1:466850084873:cluster/hogwarts-cluster",
            "deployment_circuit_breaker": [
              {
                "enable": false,
                "rollback": false
              }
            ],
            "deployment_controller": [
              {
                "type": "ECS"
              }
            ],
            "deployment_maximum_percent": 200,
            "deployment_minimum_healthy_percent": 100,
            "desired_count": 1,
            "enable_ecs_managed_tags": false,
            "enable_execute_command": false,
            "force_delete": null,
            "force_new_deployment": null,
            "health_check_grace_period_seconds": 0,
            "iam_role": "/aws-service-role/ecs.amazonaws.com/AWSServiceRoleForECS",
            "id": "arn:aws:ecs:ap-southeast-1:466850084873:service/hogwarts-cluster/hogwarts-app-service",
            "launch_type": "EC2",
            "load_balancer": [
              {
                "container_name": "hogwarts-app",
                "container_port": 8081,
                "elb_name": "",
                "target_group_arn": "arn:aws:elasticloadbalancing:ap-southeast-1:466850084873:targetgroup/hogwarts-app-tg/4c1901ba613547b6"
              }
            ],
            "name": "hogwarts-app-service",
            "network_configuration": [
              {
                "assign_public_ip": false,
                "security_groups": [
                  "sg-0d0094b1508083de9"
                ],
                "subnets": [
                  "subnet-04306e5ec81d26cb9",
                  "subnet-04e7e7a400a797127",
                  "subnet-0a18d409b26a05771"
                ]
              }
            ],
            "ordered_placement_strategy": [],
            "placement_constraints": [],
            "platform_version": "",
            "propagate_tags": "NONE",
            "scheduling_strategy": "REPLICA",
            "service_connect_configuration": [],
            "service_registries": [],
            "tags": {},
            "tags_all": {},
            "task_definition": "hogwarts-app-task:4",
            "timeouts": null,
            "triggers": {},
            "volume_configuration": [],
            "vpc_lattice_configurations": [],
            "wait_for_steady_state": false
          },
          "sensitive_attributes": [],
          "identity_schema_version": 0,
          "private": "eyJlMmJmYjczMC1lY2FhLTExZTYtOGY4OC0zNDM2M2JjN2M0YzAiOnsiY3JlYXRlIjoxMjAwMDAwMDAwMDAwLCJkZWxldGUiOjEyMDAwMDAwMDAwMDAsInVwZGF0ZSI6MTIwMDAwMDAwMDAwMH0sInNjaGVtYV92ZXJzaW9uIjoiMSJ9",
          "dependencies": [
            "module.alb.aws_lb_target_group.hogwarts_app",
            "module.ecs.aws_ecs_cluster.hogwarts",
            "module.ecs.aws_ecs_task_definition.hogwarts-app",
            "module.network.aws_security_group.tasks",
            "module.network.data.aws_subnets.default",
            "module.network.data.aws_vpc.default"
          ]
        }
      ]
    },
    {
      "module": "module.ecs",
      "mode": "managed",
      "type": "aws_ecs_task_definition",
      "name": "hogwarts-app",
      "provider": "provider[\"registry.terraform.io/hashicorp/aws\"]",
      "instances": [
        {
          "schema_version": 1,
          "attributes": {
            "arn": "arn:aws:ecs:ap-southeast-1:466850084873:task-definition/hogwarts-app-task:4",
            "arn_without_revision": "arn:aws:ecs:ap-southeast-1:466850084873:task-definition/hogwarts-app-task",
            "container_definitions": "[{\"cpu\":256,\"environment\":[{\"name\":\"SPRING_PROFILES_ACTIVE\",\"value\":\"staging\"}],\"essential\":true,\"image\":\"thaidoan868/hogwarts-app:0.1\",\"memory\":512,\"mountPoints\":[],\"name\":\"hogwarts-app\",\"portMappings\":[{\"containerPort\":8081,\"hostPort\":8081,\"protocol\":\"tcp\"}],\"systemControls\":[],\"volumesFrom\":[]}]",
            "cpu": "",
            "enable_fault_injection": false,
            "ephemeral_storage": [],
            "execution_role_arn": "",
            "family": "hogwarts-app-task",
            "id": "hogwarts-app-task",
            "inference_accelerator": [],
            "ipc_mode": "",
            "memory": "",
            "network_mode": "awsvpc",
            "pid_mode": "",
            "placement_constraints": [],
            "proxy_configuration": [],
            "requires_compatibilities": [
              "EC2"
            ],
            "revision": 4,
            "runtime_platform": [],
            "skip_destroy": false,
            "tags": null,
            "tags_all": {},
            "task_role_arn": "",
            "track_latest": false,
            "volume": []
          },
          "sensitive_attributes": [],
          "identity_schema_version": 0,
          "private": "eyJzY2hlbWFfdmVyc2lvbiI6IjEifQ=="
        }
      ]
    },
    {
      "module": "module.network",
      "mode": "data",
      "type": "aws_subnets",
      "name": "default",
      "provider": "provider[\"registry.terraform.io/hashicorp/aws\"]",
      "instances": [
        {
          "schema_version": 0,
          "attributes": {
            "filter": [
              {
                "name": "vpc-id",
                "values": [
                  "vpc-00fe079e842c01175"
                ]
              }
            ],
            "id": "ap-southeast-1",
            "ids": [
              "subnet-04306e5ec81d26cb9",
              "subnet-04e7e7a400a797127",
              "subnet-0a18d409b26a05771"
            ],
            "tags": null,
            "timeouts": null
          },
          "sensitive_attributes": [],
          "identity_schema_version": 0
        }
      ]
    },
    {
      "module": "module.network",
      "mode": "data",
      "type": "aws_vpc",
      "name": "default",
      "provider": "provider[\"registry.terraform.io/hashicorp/aws\"]",
      "instances": [
        {
          "schema_version": 0,
          "attributes": {
            "arn": "arn:aws:ec2:ap-southeast-1:466850084873:vpc/vpc-00fe079e842c01175",
            "cidr_block": "172.31.0.0/16",
            "cidr_block_associations": [
              {
                "association_id": "vpc-cidr-assoc-09ef901b9bca07f99",
                "cidr_block": "172.31.0.0/16",
                "state": "associated"
              }
            ],
            "default": true,
            "dhcp_options_id": "dopt-064834f29dc4d65a6",
            "enable_dns_hostnames": true,
            "enable_dns_support": true,
            "enable_network_address_usage_metrics": false,
            "filter": null,
            "id": "vpc-00fe079e842c01175",
            "instance_tenancy": "default",
            "ipv6_association_id": "",
            "ipv6_cidr_block": "",
            "main_route_table_id": "rtb-0e4d75e37f5aca832",
            "owner_id": "466850084873",
            "state": null,
            "tags": {},
            "timeouts": null
          },
          "sensitive_attributes": [],
          "identity_schema_version": 0
        }
      ]
    },
    {
      "module": "module.network",
      "mode": "managed",
      "type": "aws_security_group",
      "name": "http",
      "provider": "provider[\"registry.terraform.io/hashicorp/aws\"]",
      "instances": [
        {
          "schema_version": 1,
          "attributes": {
            "arn": "arn:aws:ec2:ap-southeast-1:466850084873:security-group/sg-0bfa4e512de8993ce",
            "description": "Allow HTTP inbound traffic",
            "egress": [
              {
                "cidr_blocks": [
                  "0.0.0.0/0"
                ],
                "description": "",
                "from_port": 0,
                "ipv6_cidr_blocks": [],
                "prefix_list_ids": [],
                "protocol": "-1",
                "security_groups": [],
                "self": false,
                "to_port": 0
              }
            ],
            "id": "sg-0bfa4e512de8993ce",
            "ingress": [
              {
                "cidr_blocks": [
                  "0.0.0.0/0"
                ],
                "description": "",
                "from_port": 80,
                "ipv6_cidr_blocks": [],
                "prefix_list_ids": [],
                "protocol": "tcp",
                "security_groups": [],
                "self": false,
                "to_port": 80
              }
            ],
            "name": "http-sg",
            "name_prefix": "",
            "owner_id": "466850084873",
            "revoke_rules_on_delete": false,
            "tags": {},
            "tags_all": {},
            "timeouts": null,
            "vpc_id": "vpc-00fe079e842c01175"
          },
          "sensitive_attributes": [],
          "identity_schema_version": 0,
          "private": "eyJlMmJmYjczMC1lY2FhLTExZTYtOGY4OC0zNDM2M2JjN2M0YzAiOnsiY3JlYXRlIjo2MDAwMDAwMDAwMDAsImRlbGV0ZSI6OTAwMDAwMDAwMDAwfSwic2NoZW1hX3ZlcnNpb24iOiIxIn0=",
          "dependencies": [
            "module.network.data.aws_vpc.default"
          ]
        }
      ]
    },
    {
      "module": "module.network",
      "mode": "managed",
      "type": "aws_security_group",
      "name": "https",
      "provider": "provider[\"registry.terraform.io/hashicorp/aws\"]",
      "instances": [
        {
          "schema_version": 1,
          "attributes": {
            "arn": "arn:aws:ec2:ap-southeast-1:466850084873:security-group/sg-0ef29e553acdbee2a",
            "description": "Allow HTTPS inbound traffic",
            "egress": [
              {
                "cidr_blocks": [
                  "0.0.0.0/0"
                ],
                "description": "",
                "from_port": 0,
                "ipv6_cidr_blocks": [],
                "prefix_list_ids": [],
                "protocol": "-1",
                "security_groups": [],
                "self": false,
                "to_port": 0
              }
            ],
            "id": "sg-0ef29e553acdbee2a",
            "ingress": [
              {
                "cidr_blocks": [
                  "0.0.0.0/0"
                ],
                "description": "",
                "from_port": 443,
                "ipv6_cidr_blocks": [],
                "prefix_list_ids": [],
                "protocol": "tcp",
                "security_groups": [],
                "self": false,
                "to_port": 443
              }
            ],
            "name": "https-sg",
            "name_prefix": "",
            "owner_id": "466850084873",
            "revoke_rules_on_delete": false,
            "tags": {},
            "tags_all": {},
            "timeouts": null,
            "vpc_id": "vpc-00fe079e842c01175"
          },
          "sensitive_attributes": [],
          "identity_schema_version": 0,
          "private": "eyJlMmJmYjczMC1lY2FhLTExZTYtOGY4OC0zNDM2M2JjN2M0YzAiOnsiY3JlYXRlIjo2MDAwMDAwMDAwMDAsImRlbGV0ZSI6OTAwMDAwMDAwMDAwfSwic2NoZW1hX3ZlcnNpb24iOiIxIn0=",
          "dependencies": [
            "module.network.data.aws_vpc.default"
          ]
        }
      ]
    },
    {
      "module": "module.network",
      "mode": "managed",
      "type": "aws_security_group",
      "name": "postgres",
      "provider": "provider[\"registry.terraform.io/hashicorp/aws\"]",
      "instances": [
        {
          "schema_version": 1,
          "attributes": {
            "arn": "arn:aws:ec2:ap-southeast-1:466850084873:security-group/sg-05d4bf3588a878d83",
            "description": "Allow PostgreSQL inbound",
            "egress": [
              {
                "cidr_blocks": [
                  "0.0.0.0/0"
                ],
                "description": "",
                "from_port": 0,
                "ipv6_cidr_blocks": [],
                "prefix_list_ids": [],
                "protocol": "-1",
                "security_groups": [],
                "self": false,
                "to_port": 0
              }
            ],
            "id": "sg-05d4bf3588a878d83",
            "ingress": [
              {
                "cidr_blocks": [
                  "0.0.0.0/0"
                ],
                "description": "Allow access to Postgres Database",
                "from_port": 5432,
                "ipv6_cidr_blocks": [],
                "prefix_list_ids": [],
                "protocol": "tcp",
                "security_groups": [],
                "self": false,
                "to_port": 5432
              }
            ],
            "name": "postgres-sg",
            "name_prefix": "",
            "owner_id": "466850084873",
            "revoke_rules_on_delete": false,
            "tags": {},
            "tags_all": {},
            "timeouts": null,
            "vpc_id": "vpc-00fe079e842c01175"
          },
          "sensitive_attributes": [],
          "identity_schema_version": 0,
          "private": "eyJlMmJmYjczMC1lY2FhLTExZTYtOGY4OC0zNDM2M2JjN2M0YzAiOnsiY3JlYXRlIjo2MDAwMDAwMDAwMDAsImRlbGV0ZSI6OTAwMDAwMDAwMDAwfSwic2NoZW1hX3ZlcnNpb24iOiIxIn0=",
          "dependencies": [
            "module.network.data.aws_vpc.default"
          ]
        }
      ]
    },
    {
      "module": "module.network",
      "mode": "managed",
      "type": "aws_security_group",
      "name": "ssh",
      "provider": "provider[\"registry.terraform.io/hashicorp/aws\"]",
      "instances": [
        {
          "schema_version": 1,
          "attributes": {
            "arn": "arn:aws:ec2:ap-southeast-1:466850084873:security-group/sg-09c9cb1f5a6510b6c",
            "description": "Allow SSH inbound traffic",
            "egress": [
              {
                "cidr_blocks": [
                  "0.0.0.0/0"
                ],
                "description": "",
                "from_port": 0,
                "ipv6_cidr_blocks": [],
                "prefix_list_ids": [],
                "protocol": "-1",
                "security_groups": [],
                "self": false,
                "to_port": 0
              }
            ],
            "id": "sg-09c9cb1f5a6510b6c",
            "ingress": [
              {
                "cidr_blocks": [
                  "0.0.0.0/0"
                ],
                "description": "",
                "from_port": 22,
                "ipv6_cidr_blocks": [],
                "prefix_list_ids": [],
                "protocol": "tcp",
                "security_groups": [],
                "self": false,
                "to_port": 22
              }
            ],
            "name": "ssh-sg",
            "name_prefix": "",
            "owner_id": "466850084873",
            "revoke_rules_on_delete": false,
            "tags": {},
            "tags_all": {},
            "timeouts": null,
            "vpc_id": "vpc-00fe079e842c01175"
          },
          "sensitive_attributes": [],
          "identity_schema_version": 0,
          "private": "eyJlMmJmYjczMC1lY2FhLTExZTYtOGY4OC0zNDM2M2JjN2M0YzAiOnsiY3JlYXRlIjo2MDAwMDAwMDAwMDAsImRlbGV0ZSI6OTAwMDAwMDAwMDAwfSwic2NoZW1hX3ZlcnNpb24iOiIxIn0=",
          "dependencies": [
            "module.network.data.aws_vpc.default"
          ]
        }
      ]
    },
    {
      "module": "module.network",
      "mode": "managed",
      "type": "aws_security_group",
      "name": "tasks",
      "provider": "provider[\"registry.terraform.io/hashicorp/aws\"]",
      "instances": [
        {
          "schema_version": 1,
          "attributes": {
            "arn": "arn:aws:ec2:ap-southeast-1:466850084873:security-group/sg-0d0094b1508083de9",
            "description": "Security group for ECS tasks",
            "egress": [
              {
                "cidr_blocks": [
                  "0.0.0.0/0"
                ],
                "description": "",
                "from_port": 0,
                "ipv6_cidr_blocks": [],
                "prefix_list_ids": [],
                "protocol": "-1",
                "security_groups": [],
                "self": false,
                "to_port": 0
              }
            ],
            "id": "sg-0d0094b1508083de9",
            "ingress": [
              {
                "cidr_blocks": [
                  "0.0.0.0/0"
                ],
                "description": "For keycloak",
                "from_port": 8080,
                "ipv6_cidr_blocks": [],
                "prefix_list_ids": [],
                "protocol": "tcp",
                "security_groups": [],
                "self": false,
                "to_port": 8080
              },
              {
                "cidr_blocks": [
                  "0.0.0.0/0"
                ],
                "description": "For the hogwarts app",
                "from_port": 8081,
                "ipv6_cidr_blocks": [],
                "prefix_list_ids": [],
                "protocol": "tcp",
                "security_groups": [],
                "self": false,
                "to_port": 8081
              }
            ],
            "name": "tasks-sg",
            "name_prefix": "",
            "owner_id": "466850084873",
            "revoke_rules_on_delete": false,
            "tags": {},
            "tags_all": {},
            "timeouts": null,
            "vpc_id": "vpc-00fe079e842c01175"
          },
          "sensitive_attributes": [],
          "identity_schema_version": 0,
          "private": "eyJlMmJmYjczMC1lY2FhLTExZTYtOGY4OC0zNDM2M2JjN2M0YzAiOnsiY3JlYXRlIjo2MDAwMDAwMDAwMDAsImRlbGV0ZSI6OTAwMDAwMDAwMDAwfSwic2NoZW1hX3ZlcnNpb24iOiIxIn0=",
          "dependencies": [
            "module.network.data.aws_vpc.default"
          ]
        }
      ]
    }
  ],
  "check_results": [
    {
      "object_kind": "var",
      "config_addr": "var.region",
      "status": "pass",
      "objects": [
        {
          "object_addr": "var.region",
          "status": "pass"
        }
      ]
    }
  ]
}
